
Microsoft Visual Studio Solution File, Format Version 12.00
# Visual Studio 15
VisualStudioVersion = 15.0.27428.2037
MinimumVisualStudioVersion = 10.0.40219.1
Project("{FAE04EC0-301F-11D3-BF4B-00C04F79EFBC}") = "Athos", "Athos\Athos.csproj", "{D858D7FA-4BE6-4581-8181-336CE0CEEB0F}"
EndProject
Global
	GlobalSection(SolutionConfigurationPlatforms) = preSolution
		Debug|Any CPU = Debug|Any CPU
		Release|Any CPU = Release|Any CPU
	EndGlobalSection
	GlobalSection(ProjectConfigurationPlatforms) = postSolution
		{D858D7FA-4BE6-4581-8181-336CE0CEEB0F}.Debug|Any CPU.ActiveCfg = Debug|Any CPU
		{D858D7FA-4BE6-4581-8181-336CE0CEEB0F}.Debug|Any CPU.Build.0 = Debug|Any CPU
		{D858D7FA-4BE6-4581-8181-336CE0CEEB0F}.Release|Any CPU.ActiveCfg = Release|Any CPU
		{D858D7FA-4BE6-4581-8181-336CE0CEEB0F}.Release|Any CPU.Build.0 = Release|Any CPU
	EndGlobalSection
	GlobalSection(SolutionProperties) = preSolution
		HideSolutionNode = FALSE
	EndGlobalSection
	GlobalSection(ExtensibilityGlobals) = postSolution
		SolutionGuid = {88985133-ABAC-44ED-B8C2-77FDB69445B3}
	EndGlobalSection
EndGlobal
